PODS:
  - Expecta (0.3.1)
  - OCMock (3.1.1)
  - OHHTTPStubs (3.1.8):
    - OHHTTPStubs/Core (= 3.1.8)
  - OHHTTPStubs/Core (3.1.8)
  - Specta (0.2.1)

DEPENDENCIES:
  - Expecta
  - OCMock
  - OHHTTPStubs
  - Specta

SPEC CHECKSUMS:
  Expecta: 03aabd0a89d8dea843baecb19a7fd7466a69a31d
  OCMock: f6cb8c162ab9d5620dddf411282c7b2c0ee78854
  OHHTTPStubs: 2e25ea33e4163e5c458fe600d9ed412a85b2aeaf
  Specta: 9141310f46b1f68b676650ff2854e1ed0b74163a

COCOAPODS: 0.35.0
