PODS:
  - HockeySDK (5.1.2):
    - HockeySDK/DefaultLib (= 5.1.2)
  - HockeySDK/DefaultLib (5.1.2)
  - Mixpanel (2.9.6):
    - Mixpanel/Mixpanel (= 2.9.6)
  - Mixpanel/Mixpanel (2.9.6)
  - OCMock (3.4.1)

DEPENDENCIES:
  - HockeySDK (~> 5.0)
  - Mixpanel (~> 2.7)
  - OCMock

SPEC CHECKSUMS:
  HockeySDK: 38b7e2726af1ea86ae97ce4b5de33ab0817e3500
  Mixpanel: 048a9f2512ac1bb8bfdecf719da024873f50a9c2
  OCMock: 2cd0716969bab32a2283ff3a46fd26a8c8b4c5e3

PODFILE CHECKSUM: cb0a4af260b891601aa8cc22ccd569030f9f2d52

COCOAPODS: 1.4.0
